
Microsoft Visual Studio Solution File, Format Version 12.00
# Visual Studio Version 17
VisualStudioVersion = 17.3.32922.545
MinimumVisualStudioVersion = 10.0.40219.1
Project("{FAE04EC0-301F-11D3-BF4B-00C04F79EFBC}") = "AssessmentNet", "AssessmentNet\AssessmentNet.csproj", "{04278642-C778-4DC1-8724-E41D6061FB83}"
EndProject
Global
	GlobalSection(SolutionConfigurationPlatforms) = preSolution
		Debug|Any CPU = Debug|Any CPU
		Release|Any CPU = Release|Any CPU
	EndGlobalSection
	GlobalSection(ProjectConfigurationPlatforms) = postSolution
		{04278642-C778-4DC1-8724-E41D6061FB83}.Debug|Any CPU.ActiveCfg = Debug|Any CPU
		{04278642-C778-4DC1-8724-E41D6061FB83}.Debug|Any CPU.Build.0 = Debug|Any CPU
		{04278642-C778-4DC1-8724-E41D6061FB83}.Release|Any CPU.ActiveCfg = Release|Any CPU
		{04278642-C778-4DC1-8724-E41D6061FB83}.Release|Any CPU.Build.0 = Release|Any CPU
	EndGlobalSection
	GlobalSection(SolutionProperties) = preSolution
		HideSolutionNode = FALSE
	EndGlobalSection
	GlobalSection(ExtensibilityGlobals) = postSolution
		SolutionGuid = {1DF8E001-20C0-4303-A595-40FF42D53F03}
	EndGlobalSection
EndGlobal
